# @generated by Move, please check-in and do not edit manually.

[move]
version = 3
manifest_digest = "E7893883B76CBE2CBF85957A40C8AAD691423CA38C3A74170641A6058B1F7179"
deps_digest = "3C4103934B1E040BB6B23F1D610B4EF9F2F1166A50A104EADCF77467C004C600"
dependencies = [
  { id = "Sui", name = "Sui" },
  { id = "tradeport_nft", name = "tradeport_nft" },
]

[[move.package]]
id = "MoveStdlib"
source = { git = "https://github.com/MystenLabs/sui.git", rev = "framework/testnet", subdir = "crates/sui-framework/packages/move-stdlib" }

[[move.package]]
id = "Sui"
source = { git = "https://github.com/MystenLabs/sui.git", rev = "framework/testnet", subdir = "crates/sui-framework/packages/sui-framework" }

dependencies = [
  { id = "MoveStdlib", name = "MoveStdlib" },
]

[[move.package]]
id = "tradeport_nft"
source = { local = "../Tradeport-testnft" }

dependencies = [
  { id = "Sui", name = "Sui" },
]

[move.toolchain-version]
compiler-version = "1.36.1"
edition = "2024.beta"
flavor = "sui"

[env]

[env.testnet]
chain-id = "4c78adac"
original-published-id = "0x54cf4f9635f8ce48fea8aebfdcee1d52d82e62ffc6e4cb3a62ab51b0d1695d0f"
latest-published-id = "0x54cf4f9635f8ce48fea8aebfdcee1d52d82e62ffc6e4cb3a62ab51b0d1695d0f"
published-version = "1"
